
Microsoft Visual Studio Solution File, Format Version 12.00
# Visual Studio Version 17
VisualStudioVersion = 17.10.34916.146
MinimumVisualStudioVersion = 10.0.40219.1
Project("{FAE04EC0-301F-11D3-BF4B-00C04F79EFBC}") = "TinyMaster", "TinyMaster.csproj", "{3509F416-400F-4276-9F74-414002266AE7}"
EndProject
Global
	GlobalSection(SolutionConfigurationPlatforms) = preSolution
		Debug|Any CPU = Debug|Any CPU
		Release|Any CPU = Release|Any CPU
	EndGlobalSection
	GlobalSection(ProjectConfigurationPlatforms) = postSolution
		{3509F416-400F-4276-9F74-414002266AE7}.Debug|Any CPU.ActiveCfg = Debug|Any CPU
		{3509F416-400F-4276-9F74-414002266AE7}.Debug|Any CPU.Build.0 = Debug|Any CPU
		{3509F416-400F-4276-9F74-414002266AE7}.Release|Any CPU.ActiveCfg = Release|Any CPU
		{3509F416-400F-4276-9F74-414002266AE7}.Release|Any CPU.Build.0 = Release|Any CPU
	EndGlobalSection
	GlobalSection(SolutionProperties) = preSolution
		HideSolutionNode = FALSE
	EndGlobalSection
	GlobalSection(ExtensibilityGlobals) = postSolution
		SolutionGuid = {94348023-A9A9-4845-B90E-F42D9B673623}
	EndGlobalSection
EndGlobal
